
Microsoft Visual Studio Solution File, Format Version 12.00
# Visual Studio 15
VisualStudioVersion = 15.0.28307.421
MinimumVisualStudioVersion = 10.0.40219.1
Project("{FAE04EC0-301F-11D3-BF4B-00C04F79EFBC}") = "图书管理系统", "图书管理系统\图书管理系统.csproj", "{07713F4E-9F05-4B50-B101-6E11A9A0B86E}"
EndProject
Global
	GlobalSection(SolutionConfigurationPlatforms) = preSolution
		Debug|Any CPU = Debug|Any CPU
		Release|Any CPU = Release|Any CPU
	EndGlobalSection
	GlobalSection(ProjectConfigurationPlatforms) = postSolution
		{07713F4E-9F05-4B50-B101-6E11A9A0B86E}.Debug|Any CPU.ActiveCfg = Debug|Any CPU
		{07713F4E-9F05-4B50-B101-6E11A9A0B86E}.Debug|Any CPU.Build.0 = Debug|Any CPU
		{07713F4E-9F05-4B50-B101-6E11A9A0B86E}.Release|Any CPU.ActiveCfg = Release|Any CPU
		{07713F4E-9F05-4B50-B101-6E11A9A0B86E}.Release|Any CPU.Build.0 = Release|Any CPU
	EndGlobalSection
	GlobalSection(SolutionProperties) = preSolution
		HideSolutionNode = FALSE
	EndGlobalSection
	GlobalSection(ExtensibilityGlobals) = postSolution
		SolutionGuid = {257D4C76-68AE-45E7-92D4-D95F3A8F63A2}
	EndGlobalSection
EndGlobal
